
Microsoft Visual Studio Solution File, Format Version 12.00
Project("{FAE04EC0-301F-11D3-BF4B-00C04F79EFBC}") = "MongoBackupService", "MongoBackupService\MongoBackupService.csproj", "{C0F2C3E3-50E7-4E08-AD3D-37FD72826016}"
EndProject
Global
	GlobalSection(SolutionConfigurationPlatforms) = preSolution
		Debug|Any CPU = Debug|Any CPU
		Release|Any CPU = Release|Any CPU
	EndGlobalSection
	GlobalSection(ProjectConfigurationPlatforms) = postSolution
		{C0F2C3E3-50E7-4E08-AD3D-37FD72826016}.Debug|Any CPU.ActiveCfg = Debug|Any CPU
		{C0F2C3E3-50E7-4E08-AD3D-37FD72826016}.Debug|Any CPU.Build.0 = Debug|Any CPU
		{C0F2C3E3-50E7-4E08-AD3D-37FD72826016}.Release|Any CPU.ActiveCfg = Release|Any CPU
		{C0F2C3E3-50E7-4E08-AD3D-37FD72826016}.Release|Any CPU.Build.0 = Release|Any CPU
	EndGlobalSection
EndGlobal
